{
  "name": "autoupdate",
  "version": "1.0.0",
  "lockfileVersion": 1,
  "requires": true,
  "dependencies": {
    "@az0r3x/print": {
      "version": "0.1.2",
      "resolved": "https://registry.npmjs.org/@az0r3x/print/-/print-0.1.2.tgz",
      "integrity": "sha512-XyU+BQOjp4gmNLCwL1xvx0mqEeSNEX83GheZN56ZYWvNjrkhySEg8oVxrPXIAxqf0Vqlqph0uY4MVrwqjQqzlA=="
    }
  }
}
